
Microsoft Visual Studio Solution File, Format Version 12.00
# Visual Studio Version 17
VisualStudioVersion = 17.7.34031.279
MinimumVisualStudioVersion = 10.0.40219.1
Project("{FAE04EC0-301F-11D3-BF4B-00C04F79EFBC}") = "GeradorDeSenha", "GeradorDeSenha\GeradorDeSenha.csproj", "{2207F0C3-7BEE-4ED1-8C56-8BDEA5AA5984}"
EndProject
Global
	GlobalSection(SolutionConfigurationPlatforms) = preSolution
		Debug|Any CPU = Debug|Any CPU
		Release|Any CPU = Release|Any CPU
	EndGlobalSection
	GlobalSection(ProjectConfigurationPlatforms) = postSolution
		{2207F0C3-7BEE-4ED1-8C56-8BDEA5AA5984}.Debug|Any CPU.ActiveCfg = Debug|Any CPU
		{2207F0C3-7BEE-4ED1-8C56-8BDEA5AA5984}.Debug|Any CPU.Build.0 = Debug|Any CPU
		{2207F0C3-7BEE-4ED1-8C56-8BDEA5AA5984}.Release|Any CPU.ActiveCfg = Release|Any CPU
		{2207F0C3-7BEE-4ED1-8C56-8BDEA5AA5984}.Release|Any CPU.Build.0 = Release|Any CPU
	EndGlobalSection
	GlobalSection(SolutionProperties) = preSolution
		HideSolutionNode = FALSE
	EndGlobalSection
	GlobalSection(ExtensibilityGlobals) = postSolution
		SolutionGuid = {12FFB0B7-AF94-4D61-9DD4-5048B869E942}
	EndGlobalSection
EndGlobal
